
Microsoft Visual Studio Solution File, Format Version 12.00
# Visual Studio Version 17
VisualStudioVersion = 17.5.002.0
MinimumVisualStudioVersion = 10.0.40219.1
Project("{2150E333-8FDC-42A3-9474-1A3956D46DE8}") = "tests", "tests", "{741889B2-C3B9-4046-8CB3-317D4FB7B950}"
EndProject
Project("{9A19103F-16F7-4668-BE54-9A1E7A4F7556}") = "Portfolio.Domain.Tests", "tests\Portfolio.Domain.Tests\Portfolio.Domain.Tests.csproj", "{8E217EB8-D842-4BAF-BAF0-40EF6DD3C67E}"
EndProject
Project("{9A19103F-16F7-4668-BE54-9A1E7A4F7556}") = "Portfolio.Transactions.Exporters.Tests", "tests\Portfolio.Transactions.Exporters.Tests\Portfolio.Transactions.Exporters.Tests.csproj", "{669144BB-04F3-4B14-A968-7EB826B38ECB}"
EndProject
Project("{9A19103F-16F7-4668-BE54-9A1E7A4F7556}") = "Portfolio.App.Tests", "tests\Portfolio.App.Tests\Portfolio.App.Tests.csproj", "{74A982A3-DC3C-4A20-9741-69BF68F00D05}"
EndProject
Project("{9A19103F-16F7-4668-BE54-9A1E7A4F7556}") = "Portfolio.Transactions.Importers.Tests", "tests\Portfolio.Transactions.Importers.Tests\Portfolio.Transactions.Importers.Tests.csproj", "{4ECE919D-8521-4782-A6DB-E125077D7EE4}"
EndProject
Project("{2150E333-8FDC-42A3-9474-1A3956D46DE8}") = "src", "src", "{855826D0-5B56-458F-BBDA-E3C7A63AD4A9}"
EndProject
Project("{9A19103F-16F7-4668-BE54-9A1E7A4F7556}") = "Portfolio.Transactions.Exporters", "src\Portfolio.Transactions.Exporters\Portfolio.Transactions.Exporters.csproj", "{F656EA7F-CA0B-42CE-B618-54FC9327DF14}"
EndProject
Project("{9A19103F-16F7-4668-BE54-9A1E7A4F7556}") = "Portfolio.App", "src\Portfolio.Application\Portfolio.App.csproj", "{C1F9389D-1CBB-4B86-A141-778A03EE710B}"
EndProject
Project("{9A19103F-16F7-4668-BE54-9A1E7A4F7556}") = "Portfolio.Api", "src\Portfolio.Api\Portfolio.Api.csproj", "{BA43BEE8-6CDA-4663-87CC-615472EC992C}"
EndProject
Project("{9A19103F-16F7-4668-BE54-9A1E7A4F7556}") = "Portfolio.Domain", "src\Portfolio.Domain\Portfolio.Domain.csproj", "{7F45241C-B027-4404-A198-B89116B15591}"
EndProject
Project("{9A19103F-16F7-4668-BE54-9A1E7A4F7556}") = "Portfolio.Infrastructure", "src\Portfolio.Infrastructure\Portfolio.Infrastructure.csproj", "{B2C5EC40-C603-412B-B7BC-5448C5BF6CBA}"
EndProject
Project("{9A19103F-16F7-4668-BE54-9A1E7A4F7556}") = "Portfolio.Transactions.Importers", "src\Portfolio.Transactions.Importers\Portfolio.Transactions.Importers.csproj", "{A3011053-B42D-4674-872F-7BF21F735909}"
EndProject
Global
	GlobalSection(SolutionConfigurationPlatforms) = preSolution
		Debug|Any CPU = Debug|Any CPU
		Release|Any CPU = Release|Any CPU
	EndGlobalSection
	GlobalSection(ProjectConfigurationPlatforms) = postSolution
		{8E217EB8-D842-4BAF-BAF0-40EF6DD3C67E}.Debug|Any CPU.ActiveCfg = Debug|Any CPU
		{8E217EB8-D842-4BAF-BAF0-40EF6DD3C67E}.Debug|Any CPU.Build.0 = Debug|Any CPU
		{8E217EB8-D842-4BAF-BAF0-40EF6DD3C67E}.Release|Any CPU.ActiveCfg = Release|Any CPU
		{8E217EB8-D842-4BAF-BAF0-40EF6DD3C67E}.Release|Any CPU.Build.0 = Release|Any CPU
		{669144BB-04F3-4B14-A968-7EB826B38ECB}.Debug|Any CPU.ActiveCfg = Debug|Any CPU
		{669144BB-04F3-4B14-A968-7EB826B38ECB}.Debug|Any CPU.Build.0 = Debug|Any CPU
		{669144BB-04F3-4B14-A968-7EB826B38ECB}.Release|Any CPU.ActiveCfg = Release|Any CPU
		{669144BB-04F3-4B14-A968-7EB826B38ECB}.Release|Any CPU.Build.0 = Release|Any CPU
		{74A982A3-DC3C-4A20-9741-69BF68F00D05}.Debug|Any CPU.ActiveCfg = Debug|Any CPU
		{74A982A3-DC3C-4A20-9741-69BF68F00D05}.Debug|Any CPU.Build.0 = Debug|Any CPU
		{74A982A3-DC3C-4A20-9741-69BF68F00D05}.Release|Any CPU.ActiveCfg = Release|Any CPU
		{74A982A3-DC3C-4A20-9741-69BF68F00D05}.Release|Any CPU.Build.0 = Release|Any CPU
		{4ECE919D-8521-4782-A6DB-E125077D7EE4}.Debug|Any CPU.ActiveCfg = Debug|Any CPU
		{4ECE919D-8521-4782-A6DB-E125077D7EE4}.Debug|Any CPU.Build.0 = Debug|Any CPU
		{4ECE919D-8521-4782-A6DB-E125077D7EE4}.Release|Any CPU.ActiveCfg = Release|Any CPU
		{4ECE919D-8521-4782-A6DB-E125077D7EE4}.Release|Any CPU.Build.0 = Release|Any CPU
		{F656EA7F-CA0B-42CE-B618-54FC9327DF14}.Debug|Any CPU.ActiveCfg = Debug|Any CPU
		{F656EA7F-CA0B-42CE-B618-54FC9327DF14}.Debug|Any CPU.Build.0 = Debug|Any CPU
		{F656EA7F-CA0B-42CE-B618-54FC9327DF14}.Release|Any CPU.ActiveCfg = Release|Any CPU
		{F656EA7F-CA0B-42CE-B618-54FC9327DF14}.Release|Any CPU.Build.0 = Release|Any CPU
		{C1F9389D-1CBB-4B86-A141-778A03EE710B}.Debug|Any CPU.ActiveCfg = Debug|Any CPU
		{C1F9389D-1CBB-4B86-A141-778A03EE710B}.Debug|Any CPU.Build.0 = Debug|Any CPU
		{C1F9389D-1CBB-4B86-A141-778A03EE710B}.Release|Any CPU.ActiveCfg = Release|Any CPU
		{C1F9389D-1CBB-4B86-A141-778A03EE710B}.Release|Any CPU.Build.0 = Release|Any CPU
		{BA43BEE8-6CDA-4663-87CC-615472EC992C}.Debug|Any CPU.ActiveCfg = Debug|Any CPU
		{BA43BEE8-6CDA-4663-87CC-615472EC992C}.Debug|Any CPU.Build.0 = Debug|Any CPU
		{BA43BEE8-6CDA-4663-87CC-615472EC992C}.Release|Any CPU.ActiveCfg = Release|Any CPU
		{BA43BEE8-6CDA-4663-87CC-615472EC992C}.Release|Any CPU.Build.0 = Release|Any CPU
		{7F45241C-B027-4404-A198-B89116B15591}.Debug|Any CPU.ActiveCfg = Debug|Any CPU
		{7F45241C-B027-4404-A198-B89116B15591}.Debug|Any CPU.Build.0 = Debug|Any CPU
		{7F45241C-B027-4404-A198-B89116B15591}.Release|Any CPU.ActiveCfg = Release|Any CPU
		{7F45241C-B027-4404-A198-B89116B15591}.Release|Any CPU.Build.0 = Release|Any CPU
		{B2C5EC40-C603-412B-B7BC-5448C5BF6CBA}.Debug|Any CPU.ActiveCfg = Debug|Any CPU
		{B2C5EC40-C603-412B-B7BC-5448C5BF6CBA}.Debug|Any CPU.Build.0 = Debug|Any CPU
		{B2C5EC40-C603-412B-B7BC-5448C5BF6CBA}.Release|Any CPU.ActiveCfg = Release|Any CPU
		{B2C5EC40-C603-412B-B7BC-5448C5BF6CBA}.Release|Any CPU.Build.0 = Release|Any CPU
		{A3011053-B42D-4674-872F-7BF21F735909}.Debug|Any CPU.ActiveCfg = Debug|Any CPU
		{A3011053-B42D-4674-872F-7BF21F735909}.Debug|Any CPU.Build.0 = Debug|Any CPU
		{A3011053-B42D-4674-872F-7BF21F735909}.Release|Any CPU.ActiveCfg = Release|Any CPU
		{A3011053-B42D-4674-872F-7BF21F735909}.Release|Any CPU.Build.0 = Release|Any CPU
	EndGlobalSection
	GlobalSection(SolutionProperties) = preSolution
		HideSolutionNode = FALSE
	EndGlobalSection
	GlobalSection(NestedProjects) = preSolution
		{8E217EB8-D842-4BAF-BAF0-40EF6DD3C67E} = {741889B2-C3B9-4046-8CB3-317D4FB7B950}
		{669144BB-04F3-4B14-A968-7EB826B38ECB} = {741889B2-C3B9-4046-8CB3-317D4FB7B950}
		{74A982A3-DC3C-4A20-9741-69BF68F00D05} = {741889B2-C3B9-4046-8CB3-317D4FB7B950}
		{4ECE919D-8521-4782-A6DB-E125077D7EE4} = {741889B2-C3B9-4046-8CB3-317D4FB7B950}
		{F656EA7F-CA0B-42CE-B618-54FC9327DF14} = {855826D0-5B56-458F-BBDA-E3C7A63AD4A9}
		{C1F9389D-1CBB-4B86-A141-778A03EE710B} = {855826D0-5B56-458F-BBDA-E3C7A63AD4A9}
		{BA43BEE8-6CDA-4663-87CC-615472EC992C} = {855826D0-5B56-458F-BBDA-E3C7A63AD4A9}
		{7F45241C-B027-4404-A198-B89116B15591} = {855826D0-5B56-458F-BBDA-E3C7A63AD4A9}
		{B2C5EC40-C603-412B-B7BC-5448C5BF6CBA} = {855826D0-5B56-458F-BBDA-E3C7A63AD4A9}
		{A3011053-B42D-4674-872F-7BF21F735909} = {855826D0-5B56-458F-BBDA-E3C7A63AD4A9}
	EndGlobalSection
	GlobalSection(ExtensibilityGlobals) = postSolution
		SolutionGuid = {61FE4CC4-7120-4AA7-89FD-41B74FBB8532}
	EndGlobalSection
EndGlobal
