
Microsoft Visual Studio Solution File, Format Version 12.00
# Visual Studio Version 17
VisualStudioVersion = 17.5.002.0
MinimumVisualStudioVersion = 10.0.40219.1
Project("{2150E333-8FDC-42A3-9474-1A3956D46DE8}") = "tests", "tests", "{AAF1D541-F24A-426A-8DD2-94F9BF8C9B5E}"
EndProject
Project("{9A19103F-16F7-4668-BE54-9A1E7A4F7556}") = "Portfolio.Domain.Tests", "tests\Portfolio.Domain.Tests\Portfolio.Domain.Tests.csproj", "{FE99C8F2-9B1D-44F7-A4C4-7C97CFAC862C}"
EndProject
Project("{9A19103F-16F7-4668-BE54-9A1E7A4F7556}") = "Portfolio.Transactions.Exporters.Tests", "tests\Portfolio.Transactions.Exporters.Tests\Portfolio.Transactions.Exporters.Tests.csproj", "{507027E9-4845-429E-8242-AE70045DE776}"
EndProject
Project("{9A19103F-16F7-4668-BE54-9A1E7A4F7556}") = "Portfolio.App.Tests", "tests\Portfolio.App.Tests\Portfolio.App.Tests.csproj", "{DAEFE0A9-5E7C-46E1-A730-4E7ECEC90E21}"
EndProject
Project("{9A19103F-16F7-4668-BE54-9A1E7A4F7556}") = "Portfolio.Transactions.Importers.Tests", "tests\Portfolio.Transactions.Importers.Tests\Portfolio.Transactions.Importers.Tests.csproj", "{A2A1B10F-BD86-4492-82B3-B4B8D74B2429}"
EndProject
Project("{2150E333-8FDC-42A3-9474-1A3956D46DE8}") = "src", "src", "{3BD9D055-7E6A-43D0-A25A-F4BFC4AAF8BE}"
EndProject
Project("{9A19103F-16F7-4668-BE54-9A1E7A4F7556}") = "Portfolio.Transactions.Exporters", "src\Portfolio.Transactions.Exporters\Portfolio.Transactions.Exporters.csproj", "{4BE31F73-FDDF-4522-81E2-E135568536A1}"
EndProject
Project("{9A19103F-16F7-4668-BE54-9A1E7A4F7556}") = "Portfolio.App", "src\Portfolio.Application\Portfolio.App.csproj", "{AD6E030E-16F8-4F41-9D13-D667DC4185F0}"
EndProject
Project("{9A19103F-16F7-4668-BE54-9A1E7A4F7556}") = "Portfolio.Api", "src\Portfolio.Api\Portfolio.Api.csproj", "{0CEE503A-BDB0-4235-A75A-00D78135086A}"
EndProject
Project("{9A19103F-16F7-4668-BE54-9A1E7A4F7556}") = "Portfolio.Domain", "src\Portfolio.Domain\Portfolio.Domain.csproj", "{5DCE7422-C173-4A65-BC75-1AEEAD07530B}"
EndProject
Project("{9A19103F-16F7-4668-BE54-9A1E7A4F7556}") = "Portfolio.Infrastructure", "src\Portfolio.Infrastructure\Portfolio.Infrastructure.csproj", "{D01523F2-4C4D-4AF6-8639-45D9C2E35827}"
EndProject
Project("{9A19103F-16F7-4668-BE54-9A1E7A4F7556}") = "Portfolio.Transactions.Importers", "src\Portfolio.Transactions.Importers\Portfolio.Transactions.Importers.csproj", "{2170AB71-CBA1-4DF2-A5D1-BDB49D6E73F3}"
EndProject
Global
	GlobalSection(SolutionConfigurationPlatforms) = preSolution
		Debug|Any CPU = Debug|Any CPU
		Release|Any CPU = Release|Any CPU
	EndGlobalSection
	GlobalSection(ProjectConfigurationPlatforms) = postSolution
		{FE99C8F2-9B1D-44F7-A4C4-7C97CFAC862C}.Debug|Any CPU.ActiveCfg = Debug|Any CPU
		{FE99C8F2-9B1D-44F7-A4C4-7C97CFAC862C}.Debug|Any CPU.Build.0 = Debug|Any CPU
		{FE99C8F2-9B1D-44F7-A4C4-7C97CFAC862C}.Release|Any CPU.ActiveCfg = Release|Any CPU
		{FE99C8F2-9B1D-44F7-A4C4-7C97CFAC862C}.Release|Any CPU.Build.0 = Release|Any CPU
		{507027E9-4845-429E-8242-AE70045DE776}.Debug|Any CPU.ActiveCfg = Debug|Any CPU
		{507027E9-4845-429E-8242-AE70045DE776}.Debug|Any CPU.Build.0 = Debug|Any CPU
		{507027E9-4845-429E-8242-AE70045DE776}.Release|Any CPU.ActiveCfg = Release|Any CPU
		{507027E9-4845-429E-8242-AE70045DE776}.Release|Any CPU.Build.0 = Release|Any CPU
		{DAEFE0A9-5E7C-46E1-A730-4E7ECEC90E21}.Debug|Any CPU.ActiveCfg = Debug|Any CPU
		{DAEFE0A9-5E7C-46E1-A730-4E7ECEC90E21}.Debug|Any CPU.Build.0 = Debug|Any CPU
		{DAEFE0A9-5E7C-46E1-A730-4E7ECEC90E21}.Release|Any CPU.ActiveCfg = Release|Any CPU
		{DAEFE0A9-5E7C-46E1-A730-4E7ECEC90E21}.Release|Any CPU.Build.0 = Release|Any CPU
		{A2A1B10F-BD86-4492-82B3-B4B8D74B2429}.Debug|Any CPU.ActiveCfg = Debug|Any CPU
		{A2A1B10F-BD86-4492-82B3-B4B8D74B2429}.Debug|Any CPU.Build.0 = Debug|Any CPU
		{A2A1B10F-BD86-4492-82B3-B4B8D74B2429}.Release|Any CPU.ActiveCfg = Release|Any CPU
		{A2A1B10F-BD86-4492-82B3-B4B8D74B2429}.Release|Any CPU.Build.0 = Release|Any CPU
		{4BE31F73-FDDF-4522-81E2-E135568536A1}.Debug|Any CPU.ActiveCfg = Debug|Any CPU
		{4BE31F73-FDDF-4522-81E2-E135568536A1}.Debug|Any CPU.Build.0 = Debug|Any CPU
		{4BE31F73-FDDF-4522-81E2-E135568536A1}.Release|Any CPU.ActiveCfg = Release|Any CPU
		{4BE31F73-FDDF-4522-81E2-E135568536A1}.Release|Any CPU.Build.0 = Release|Any CPU
		{AD6E030E-16F8-4F41-9D13-D667DC4185F0}.Debug|Any CPU.ActiveCfg = Debug|Any CPU
		{AD6E030E-16F8-4F41-9D13-D667DC4185F0}.Debug|Any CPU.Build.0 = Debug|Any CPU
		{AD6E030E-16F8-4F41-9D13-D667DC4185F0}.Release|Any CPU.ActiveCfg = Release|Any CPU
		{AD6E030E-16F8-4F41-9D13-D667DC4185F0}.Release|Any CPU.Build.0 = Release|Any CPU
		{0CEE503A-BDB0-4235-A75A-00D78135086A}.Debug|Any CPU.ActiveCfg = Debug|Any CPU
		{0CEE503A-BDB0-4235-A75A-00D78135086A}.Debug|Any CPU.Build.0 = Debug|Any CPU
		{0CEE503A-BDB0-4235-A75A-00D78135086A}.Release|Any CPU.ActiveCfg = Release|Any CPU
		{0CEE503A-BDB0-4235-A75A-00D78135086A}.Release|Any CPU.Build.0 = Release|Any CPU
		{5DCE7422-C173-4A65-BC75-1AEEAD07530B}.Debug|Any CPU.ActiveCfg = Debug|Any CPU
		{5DCE7422-C173-4A65-BC75-1AEEAD07530B}.Debug|Any CPU.Build.0 = Debug|Any CPU
		{5DCE7422-C173-4A65-BC75-1AEEAD07530B}.Release|Any CPU.ActiveCfg = Release|Any CPU
		{5DCE7422-C173-4A65-BC75-1AEEAD07530B}.Release|Any CPU.Build.0 = Release|Any CPU
		{D01523F2-4C4D-4AF6-8639-45D9C2E35827}.Debug|Any CPU.ActiveCfg = Debug|Any CPU
		{D01523F2-4C4D-4AF6-8639-45D9C2E35827}.Debug|Any CPU.Build.0 = Debug|Any CPU
		{D01523F2-4C4D-4AF6-8639-45D9C2E35827}.Release|Any CPU.ActiveCfg = Release|Any CPU
		{D01523F2-4C4D-4AF6-8639-45D9C2E35827}.Release|Any CPU.Build.0 = Release|Any CPU
		{2170AB71-CBA1-4DF2-A5D1-BDB49D6E73F3}.Debug|Any CPU.ActiveCfg = Debug|Any CPU
		{2170AB71-CBA1-4DF2-A5D1-BDB49D6E73F3}.Debug|Any CPU.Build.0 = Debug|Any CPU
		{2170AB71-CBA1-4DF2-A5D1-BDB49D6E73F3}.Release|Any CPU.ActiveCfg = Release|Any CPU
		{2170AB71-CBA1-4DF2-A5D1-BDB49D6E73F3}.Release|Any CPU.Build.0 = Release|Any CPU
	EndGlobalSection
	GlobalSection(SolutionProperties) = preSolution
		HideSolutionNode = FALSE
	EndGlobalSection
	GlobalSection(NestedProjects) = preSolution
		{FE99C8F2-9B1D-44F7-A4C4-7C97CFAC862C} = {AAF1D541-F24A-426A-8DD2-94F9BF8C9B5E}
		{507027E9-4845-429E-8242-AE70045DE776} = {AAF1D541-F24A-426A-8DD2-94F9BF8C9B5E}
		{DAEFE0A9-5E7C-46E1-A730-4E7ECEC90E21} = {AAF1D541-F24A-426A-8DD2-94F9BF8C9B5E}
		{A2A1B10F-BD86-4492-82B3-B4B8D74B2429} = {AAF1D541-F24A-426A-8DD2-94F9BF8C9B5E}
		{4BE31F73-FDDF-4522-81E2-E135568536A1} = {3BD9D055-7E6A-43D0-A25A-F4BFC4AAF8BE}
		{AD6E030E-16F8-4F41-9D13-D667DC4185F0} = {3BD9D055-7E6A-43D0-A25A-F4BFC4AAF8BE}
		{0CEE503A-BDB0-4235-A75A-00D78135086A} = {3BD9D055-7E6A-43D0-A25A-F4BFC4AAF8BE}
		{5DCE7422-C173-4A65-BC75-1AEEAD07530B} = {3BD9D055-7E6A-43D0-A25A-F4BFC4AAF8BE}
		{D01523F2-4C4D-4AF6-8639-45D9C2E35827} = {3BD9D055-7E6A-43D0-A25A-F4BFC4AAF8BE}
		{2170AB71-CBA1-4DF2-A5D1-BDB49D6E73F3} = {3BD9D055-7E6A-43D0-A25A-F4BFC4AAF8BE}
	EndGlobalSection
	GlobalSection(ExtensibilityGlobals) = postSolution
		SolutionGuid = {61FE4CC4-7120-4AA7-89FD-41B74FBB8532}
	EndGlobalSection
EndGlobal
