
Microsoft Visual Studio Solution File, Format Version 12.00
# Visual Studio Version 17
VisualStudioVersion = 17.5.002.0
MinimumVisualStudioVersion = 10.0.40219.1
Project("{2150E333-8FDC-42A3-9474-1A3956D46DE8}") = "tests", "tests", "{80375D28-6B0D-4683-B385-E89EFB0AA50A}"
EndProject
Project("{9A19103F-16F7-4668-BE54-9A1E7A4F7556}") = "Portfolio.Domain.Tests", "tests\Portfolio.Domain.Tests\Portfolio.Domain.Tests.csproj", "{0BF3E24D-612F-47D0-A8EB-30DDD78A75B7}"
EndProject
Project("{9A19103F-16F7-4668-BE54-9A1E7A4F7556}") = "Portfolio.Transactions.Exporters.Tests", "tests\Portfolio.Transactions.Exporters.Tests\Portfolio.Transactions.Exporters.Tests.csproj", "{FA17C531-8B2F-4882-A5FE-8D7322967F3C}"
EndProject
Project("{9A19103F-16F7-4668-BE54-9A1E7A4F7556}") = "Portfolio.App.Tests", "tests\Portfolio.App.Tests\Portfolio.App.Tests.csproj", "{7369EB60-40B8-45E7-8668-6D12F8ACB767}"
EndProject
Project("{9A19103F-16F7-4668-BE54-9A1E7A4F7556}") = "Portfolio.Transactions.Importers.Tests", "tests\Portfolio.Transactions.Importers.Tests\Portfolio.Transactions.Importers.Tests.csproj", "{81C576B3-8CD8-4C82-A076-CCED66BD9A3F}"
EndProject
Project("{2150E333-8FDC-42A3-9474-1A3956D46DE8}") = "src", "src", "{4EF26D96-7C13-462F-AE0E-F44636466359}"
EndProject
Project("{9A19103F-16F7-4668-BE54-9A1E7A4F7556}") = "Portfolio.Transactions.Exporters", "src\Portfolio.Transactions.Exporters\Portfolio.Transactions.Exporters.csproj", "{2380697F-E621-4F15-A71A-07FAF29D6B7C}"
EndProject
Project("{9A19103F-16F7-4668-BE54-9A1E7A4F7556}") = "Portfolio.Application", "src\Portfolio.Application\Portfolio.Application.csproj", "{3C9137AB-1DCC-403B-8079-D670C4792B5B}"
EndProject
Project("{9A19103F-16F7-4668-BE54-9A1E7A4F7556}") = "Portfolio.Api", "src\Portfolio.Api\Portfolio.Api.csproj", "{7EB1ED2F-5EE0-4CE1-ADC7-4CCBC02A3651}"
EndProject
Project("{9A19103F-16F7-4668-BE54-9A1E7A4F7556}") = "Portfolio.Domain", "src\Portfolio.Domain\Portfolio.Domain.csproj", "{E0463B5D-5B70-45FD-B835-C68A1E0B6A9B}"
EndProject
Project("{9A19103F-16F7-4668-BE54-9A1E7A4F7556}") = "Portfolio.Infrastructure", "src\Portfolio.Infrastructure\Portfolio.Infrastructure.csproj", "{F4DB12BF-1B9C-4633-9311-28A665F4A37B}"
EndProject
Project("{9A19103F-16F7-4668-BE54-9A1E7A4F7556}") = "Portfolio.Transactions.Importers", "src\Portfolio.Transactions.Importers\Portfolio.Transactions.Importers.csproj", "{A7C82C7B-1925-4020-A360-F59EC3EF0EE8}"
EndProject
Global
	GlobalSection(SolutionConfigurationPlatforms) = preSolution
		Debug|Any CPU = Debug|Any CPU
		Release|Any CPU = Release|Any CPU
	EndGlobalSection
	GlobalSection(ProjectConfigurationPlatforms) = postSolution
		{0BF3E24D-612F-47D0-A8EB-30DDD78A75B7}.Debug|Any CPU.ActiveCfg = Debug|Any CPU
		{0BF3E24D-612F-47D0-A8EB-30DDD78A75B7}.Debug|Any CPU.Build.0 = Debug|Any CPU
		{0BF3E24D-612F-47D0-A8EB-30DDD78A75B7}.Release|Any CPU.ActiveCfg = Release|Any CPU
		{0BF3E24D-612F-47D0-A8EB-30DDD78A75B7}.Release|Any CPU.Build.0 = Release|Any CPU
		{FA17C531-8B2F-4882-A5FE-8D7322967F3C}.Debug|Any CPU.ActiveCfg = Debug|Any CPU
		{FA17C531-8B2F-4882-A5FE-8D7322967F3C}.Debug|Any CPU.Build.0 = Debug|Any CPU
		{FA17C531-8B2F-4882-A5FE-8D7322967F3C}.Release|Any CPU.ActiveCfg = Release|Any CPU
		{FA17C531-8B2F-4882-A5FE-8D7322967F3C}.Release|Any CPU.Build.0 = Release|Any CPU
		{7369EB60-40B8-45E7-8668-6D12F8ACB767}.Debug|Any CPU.ActiveCfg = Debug|Any CPU
		{7369EB60-40B8-45E7-8668-6D12F8ACB767}.Debug|Any CPU.Build.0 = Debug|Any CPU
		{7369EB60-40B8-45E7-8668-6D12F8ACB767}.Release|Any CPU.ActiveCfg = Release|Any CPU
		{7369EB60-40B8-45E7-8668-6D12F8ACB767}.Release|Any CPU.Build.0 = Release|Any CPU
		{81C576B3-8CD8-4C82-A076-CCED66BD9A3F}.Debug|Any CPU.ActiveCfg = Debug|Any CPU
		{81C576B3-8CD8-4C82-A076-CCED66BD9A3F}.Debug|Any CPU.Build.0 = Debug|Any CPU
		{81C576B3-8CD8-4C82-A076-CCED66BD9A3F}.Release|Any CPU.ActiveCfg = Release|Any CPU
		{81C576B3-8CD8-4C82-A076-CCED66BD9A3F}.Release|Any CPU.Build.0 = Release|Any CPU
		{2380697F-E621-4F15-A71A-07FAF29D6B7C}.Debug|Any CPU.ActiveCfg = Debug|Any CPU
		{2380697F-E621-4F15-A71A-07FAF29D6B7C}.Debug|Any CPU.Build.0 = Debug|Any CPU
		{2380697F-E621-4F15-A71A-07FAF29D6B7C}.Release|Any CPU.ActiveCfg = Release|Any CPU
		{2380697F-E621-4F15-A71A-07FAF29D6B7C}.Release|Any CPU.Build.0 = Release|Any CPU
		{3C9137AB-1DCC-403B-8079-D670C4792B5B}.Debug|Any CPU.ActiveCfg = Debug|Any CPU
		{3C9137AB-1DCC-403B-8079-D670C4792B5B}.Debug|Any CPU.Build.0 = Debug|Any CPU
		{3C9137AB-1DCC-403B-8079-D670C4792B5B}.Release|Any CPU.ActiveCfg = Release|Any CPU
		{3C9137AB-1DCC-403B-8079-D670C4792B5B}.Release|Any CPU.Build.0 = Release|Any CPU
		{7EB1ED2F-5EE0-4CE1-ADC7-4CCBC02A3651}.Debug|Any CPU.ActiveCfg = Debug|Any CPU
		{7EB1ED2F-5EE0-4CE1-ADC7-4CCBC02A3651}.Debug|Any CPU.Build.0 = Debug|Any CPU
		{7EB1ED2F-5EE0-4CE1-ADC7-4CCBC02A3651}.Release|Any CPU.ActiveCfg = Release|Any CPU
		{7EB1ED2F-5EE0-4CE1-ADC7-4CCBC02A3651}.Release|Any CPU.Build.0 = Release|Any CPU
		{E0463B5D-5B70-45FD-B835-C68A1E0B6A9B}.Debug|Any CPU.ActiveCfg = Debug|Any CPU
		{E0463B5D-5B70-45FD-B835-C68A1E0B6A9B}.Debug|Any CPU.Build.0 = Debug|Any CPU
		{E0463B5D-5B70-45FD-B835-C68A1E0B6A9B}.Release|Any CPU.ActiveCfg = Release|Any CPU
		{E0463B5D-5B70-45FD-B835-C68A1E0B6A9B}.Release|Any CPU.Build.0 = Release|Any CPU
		{F4DB12BF-1B9C-4633-9311-28A665F4A37B}.Debug|Any CPU.ActiveCfg = Debug|Any CPU
		{F4DB12BF-1B9C-4633-9311-28A665F4A37B}.Debug|Any CPU.Build.0 = Debug|Any CPU
		{F4DB12BF-1B9C-4633-9311-28A665F4A37B}.Release|Any CPU.ActiveCfg = Release|Any CPU
		{F4DB12BF-1B9C-4633-9311-28A665F4A37B}.Release|Any CPU.Build.0 = Release|Any CPU
		{A7C82C7B-1925-4020-A360-F59EC3EF0EE8}.Debug|Any CPU.ActiveCfg = Debug|Any CPU
		{A7C82C7B-1925-4020-A360-F59EC3EF0EE8}.Debug|Any CPU.Build.0 = Debug|Any CPU
		{A7C82C7B-1925-4020-A360-F59EC3EF0EE8}.Release|Any CPU.ActiveCfg = Release|Any CPU
		{A7C82C7B-1925-4020-A360-F59EC3EF0EE8}.Release|Any CPU.Build.0 = Release|Any CPU
	EndGlobalSection
	GlobalSection(SolutionProperties) = preSolution
		HideSolutionNode = FALSE
	EndGlobalSection
	GlobalSection(NestedProjects) = preSolution
		{0BF3E24D-612F-47D0-A8EB-30DDD78A75B7} = {80375D28-6B0D-4683-B385-E89EFB0AA50A}
		{FA17C531-8B2F-4882-A5FE-8D7322967F3C} = {80375D28-6B0D-4683-B385-E89EFB0AA50A}
		{7369EB60-40B8-45E7-8668-6D12F8ACB767} = {80375D28-6B0D-4683-B385-E89EFB0AA50A}
		{81C576B3-8CD8-4C82-A076-CCED66BD9A3F} = {80375D28-6B0D-4683-B385-E89EFB0AA50A}
		{2380697F-E621-4F15-A71A-07FAF29D6B7C} = {4EF26D96-7C13-462F-AE0E-F44636466359}
		{3C9137AB-1DCC-403B-8079-D670C4792B5B} = {4EF26D96-7C13-462F-AE0E-F44636466359}
		{7EB1ED2F-5EE0-4CE1-ADC7-4CCBC02A3651} = {4EF26D96-7C13-462F-AE0E-F44636466359}
		{E0463B5D-5B70-45FD-B835-C68A1E0B6A9B} = {4EF26D96-7C13-462F-AE0E-F44636466359}
		{F4DB12BF-1B9C-4633-9311-28A665F4A37B} = {4EF26D96-7C13-462F-AE0E-F44636466359}
		{A7C82C7B-1925-4020-A360-F59EC3EF0EE8} = {4EF26D96-7C13-462F-AE0E-F44636466359}
	EndGlobalSection
	GlobalSection(ExtensibilityGlobals) = postSolution
		SolutionGuid = {61FE4CC4-7120-4AA7-89FD-41B74FBB8532}
	EndGlobalSection
EndGlobal
